
Microsoft Visual Studio Solution File, Format Version 12.00
# Visual Studio Version 17
VisualStudioVersion = 17.5.002.0
MinimumVisualStudioVersion = 10.0.40219.1
Project("{2150E333-8FDC-42A3-9474-1A3956D46DE8}") = "tests", "tests", "{21B255F5-669C-4BE3-A635-E745BB70B924}"
EndProject
Project("{9A19103F-16F7-4668-BE54-9A1E7A4F7556}") = "BookmarksManager.Tests", "tests\BookmarksManager.Tests\BookmarksManager.Tests.csproj", "{8B997408-23AD-4DA6-9ACE-6F74449AEE72}"
EndProject
Project("{2150E333-8FDC-42A3-9474-1A3956D46DE8}") = "src", "src", "{D5116D33-8E6E-43E4-AAA0-B5B451E582CC}"
EndProject
Project("{9A19103F-16F7-4668-BE54-9A1E7A4F7556}") = "BookmarksManager", "src\BookmarksManager\BookmarksManager.csproj", "{13AA3EBD-445D-43CE-BFB0-09755D075FED}"
EndProject
Global
	GlobalSection(SolutionConfigurationPlatforms) = preSolution
		Debug|Any CPU = Debug|Any CPU
		Release|Any CPU = Release|Any CPU
	EndGlobalSection
	GlobalSection(ProjectConfigurationPlatforms) = postSolution
		{8B997408-23AD-4DA6-9ACE-6F74449AEE72}.Debug|Any CPU.ActiveCfg = Debug|Any CPU
		{8B997408-23AD-4DA6-9ACE-6F74449AEE72}.Debug|Any CPU.Build.0 = Debug|Any CPU
		{8B997408-23AD-4DA6-9ACE-6F74449AEE72}.Release|Any CPU.ActiveCfg = Release|Any CPU
		{8B997408-23AD-4DA6-9ACE-6F74449AEE72}.Release|Any CPU.Build.0 = Release|Any CPU
		{13AA3EBD-445D-43CE-BFB0-09755D075FED}.Debug|Any CPU.ActiveCfg = Debug|Any CPU
		{13AA3EBD-445D-43CE-BFB0-09755D075FED}.Debug|Any CPU.Build.0 = Debug|Any CPU
		{13AA3EBD-445D-43CE-BFB0-09755D075FED}.Release|Any CPU.ActiveCfg = Release|Any CPU
		{13AA3EBD-445D-43CE-BFB0-09755D075FED}.Release|Any CPU.Build.0 = Release|Any CPU
	EndGlobalSection
	GlobalSection(SolutionProperties) = preSolution
		HideSolutionNode = FALSE
	EndGlobalSection
	GlobalSection(NestedProjects) = preSolution
		{8B997408-23AD-4DA6-9ACE-6F74449AEE72} = {21B255F5-669C-4BE3-A635-E745BB70B924}
		{13AA3EBD-445D-43CE-BFB0-09755D075FED} = {D5116D33-8E6E-43E4-AAA0-B5B451E582CC}
	EndGlobalSection
	GlobalSection(ExtensibilityGlobals) = postSolution
		SolutionGuid = {86B5116A-472C-4C39-B73D-7D80B37A0B78}
	EndGlobalSection
EndGlobal
